
Microsoft Visual Studio Solution File, Format Version 12.00
# Visual Studio Version 17
VisualStudioVersion = 17.13.35825.156 d17.13
MinimumVisualStudioVersion = 10.0.40219.1
Project("{8BC9CEB8-8B4A-11D0-8D11-00A0C91BC942}") = "experiment1", "experiment1.vcxproj", "{C72E5B26-4F38-4AF5-932C-4D07515762BE}"
EndProject
Global
	GlobalSection(SolutionConfigurationPlatforms) = preSolution
		Debug|x64 = Debug|x64
		Debug|x86 = Debug|x86
		Release|x64 = Release|x64
		Release|x86 = Release|x86
	EndGlobalSection
	GlobalSection(ProjectConfigurationPlatforms) = postSolution
		{C72E5B26-4F38-4AF5-932C-4D07515762BE}.Debug|x64.ActiveCfg = Debug|x64
		{C72E5B26-4F38-4AF5-932C-4D07515762BE}.Debug|x64.Build.0 = Debug|x64
		{C72E5B26-4F38-4AF5-932C-4D07515762BE}.Debug|x86.ActiveCfg = Debug|Win32
		{C72E5B26-4F38-4AF5-932C-4D07515762BE}.Debug|x86.Build.0 = Debug|Win32
		{C72E5B26-4F38-4AF5-932C-4D07515762BE}.Release|x64.ActiveCfg = Release|x64
		{C72E5B26-4F38-4AF5-932C-4D07515762BE}.Release|x64.Build.0 = Release|x64
		{C72E5B26-4F38-4AF5-932C-4D07515762BE}.Release|x86.ActiveCfg = Release|Win32
		{C72E5B26-4F38-4AF5-932C-4D07515762BE}.Release|x86.Build.0 = Release|Win32
	EndGlobalSection
	GlobalSection(SolutionProperties) = preSolution
		HideSolutionNode = FALSE
	EndGlobalSection
	GlobalSection(ExtensibilityGlobals) = postSolution
		SolutionGuid = {73F99311-9E07-4C9C-8DB1-32FA98852AB7}
	EndGlobalSection
EndGlobal
